
Microsoft Visual Studio Solution File, Format Version 12.00
# Visual Studio Version 17
VisualStudioVersion = 17.8.34330.188
MinimumVisualStudioVersion = 10.0.40219.1
Project("{9A19103F-16F7-4668-BE54-9A1E7A4F7556}") = "CurriculumSchedule", "CurriculumSchedule\CurriculumSchedule.csproj", "{ECF3BCF1-9721-4882-A011-AC068DEB27C0}"
EndProject
Project("{9A19103F-16F7-4668-BE54-9A1E7A4F7556}") = "Server", "Server\Server.csproj", "{5380E836-5A27-48B5-B872-34FA2B7BF5B3}"
EndProject
Project("{FAE04EC0-301F-11D3-BF4B-00C04F79EFBC}") = "TestProject1", "TestProject1\TestProject1.csproj", "{04F5E9B6-877D-4653-9C61-27D3EE6B552D}"
EndProject
Global
	GlobalSection(SolutionConfigurationPlatforms) = preSolution
		Debug|Any CPU = Debug|Any CPU
		Release|Any CPU = Release|Any CPU
	EndGlobalSection
	GlobalSection(ProjectConfigurationPlatforms) = postSolution
		{ECF3BCF1-9721-4882-A011-AC068DEB27C0}.Debug|Any CPU.ActiveCfg = Debug|Any CPU
		{ECF3BCF1-9721-4882-A011-AC068DEB27C0}.Debug|Any CPU.Build.0 = Debug|Any CPU
		{ECF3BCF1-9721-4882-A011-AC068DEB27C0}.Release|Any CPU.ActiveCfg = Release|Any CPU
		{ECF3BCF1-9721-4882-A011-AC068DEB27C0}.Release|Any CPU.Build.0 = Release|Any CPU
		{5380E836-5A27-48B5-B872-34FA2B7BF5B3}.Debug|Any CPU.ActiveCfg = Debug|Any CPU
		{5380E836-5A27-48B5-B872-34FA2B7BF5B3}.Debug|Any CPU.Build.0 = Debug|Any CPU
		{5380E836-5A27-48B5-B872-34FA2B7BF5B3}.Release|Any CPU.ActiveCfg = Release|Any CPU
		{5380E836-5A27-48B5-B872-34FA2B7BF5B3}.Release|Any CPU.Build.0 = Release|Any CPU
		{04F5E9B6-877D-4653-9C61-27D3EE6B552D}.Debug|Any CPU.ActiveCfg = Debug|Any CPU
		{04F5E9B6-877D-4653-9C61-27D3EE6B552D}.Debug|Any CPU.Build.0 = Debug|Any CPU
		{04F5E9B6-877D-4653-9C61-27D3EE6B552D}.Release|Any CPU.ActiveCfg = Release|Any CPU
		{04F5E9B6-877D-4653-9C61-27D3EE6B552D}.Release|Any CPU.Build.0 = Release|Any CPU
	EndGlobalSection
	GlobalSection(SolutionProperties) = preSolution
		HideSolutionNode = FALSE
	EndGlobalSection
	GlobalSection(ExtensibilityGlobals) = postSolution
		SolutionGuid = {A892B88D-D2CE-4A56-8207-0FEE2E9A60DC}
	EndGlobalSection
EndGlobal
